
Microsoft Visual Studio Solution File, Format Version 12.00
# Visual Studio 15
Project("{FAE04EC0-301F-11D3-BF4B-00C04F79EFBC}") = "SteamVR", "SteamVR.csproj", "{E853090A-FA2C-7A1B-C917-87BE4F9F7253}"
EndProject
Project("{FAE04EC0-301F-11D3-BF4B-00C04F79EFBC}") = "SteamVR_Actions", "SteamVR_Actions.csproj", "{6E507D1B-E9F1-E163-C981-514494189D18}"
EndProject
Project("{FAE04EC0-301F-11D3-BF4B-00C04F79EFBC}") = "Assembly-CSharp", "Assembly-CSharp.csproj", "{6730B9CE-5A6E-FB70-D961-7F4C3E090137}"
EndProject
Project("{FAE04EC0-301F-11D3-BF4B-00C04F79EFBC}") = "SteamVR_Editor", "SteamVR_Editor.csproj", "{872C9C81-4F5A-E2A4-8103-7B7F3862EACD}"
EndProject
Project("{FAE04EC0-301F-11D3-BF4B-00C04F79EFBC}") = "SteamVR_Input_Editor", "SteamVR_Input_Editor.csproj", "{47CE64F5-7CA8-E26C-49DA-69981CD230B3}"
EndProject
Project("{FAE04EC0-301F-11D3-BF4B-00C04F79EFBC}") = "SteamVR_Windows_EditorHelper", "SteamVR_Windows_EditorHelper.csproj", "{6B0C0C6C-7498-8911-9DAC-A76D9CD81A86}"
EndProject
Global
	GlobalSection(SolutionConfigurationPlatforms) = preSolution
		Debug|Any CPU = Debug|Any CPU
		Release|Any CPU = Release|Any CPU
	EndGlobalSection
	GlobalSection(ProjectConfigurationPlatforms) = postSolution
		{E853090A-FA2C-7A1B-C917-87BE4F9F7253}.Debug|Any CPU.ActiveCfg = Debug|Any CPU
		{E853090A-FA2C-7A1B-C917-87BE4F9F7253}.Debug|Any CPU.Build.0 = Debug|Any CPU
		{E853090A-FA2C-7A1B-C917-87BE4F9F7253}.Release|Any CPU.ActiveCfg = Release|Any CPU
		{E853090A-FA2C-7A1B-C917-87BE4F9F7253}.Release|Any CPU.Build.0 = Release|Any CPU
		{6E507D1B-E9F1-E163-C981-514494189D18}.Debug|Any CPU.ActiveCfg = Debug|Any CPU
		{6E507D1B-E9F1-E163-C981-514494189D18}.Debug|Any CPU.Build.0 = Debug|Any CPU
		{6E507D1B-E9F1-E163-C981-514494189D18}.Release|Any CPU.ActiveCfg = Release|Any CPU
		{6E507D1B-E9F1-E163-C981-514494189D18}.Release|Any CPU.Build.0 = Release|Any CPU
		{6730B9CE-5A6E-FB70-D961-7F4C3E090137}.Debug|Any CPU.ActiveCfg = Debug|Any CPU
		{6730B9CE-5A6E-FB70-D961-7F4C3E090137}.Debug|Any CPU.Build.0 = Debug|Any CPU
		{6730B9CE-5A6E-FB70-D961-7F4C3E090137}.Release|Any CPU.ActiveCfg = Release|Any CPU
		{6730B9CE-5A6E-FB70-D961-7F4C3E090137}.Release|Any CPU.Build.0 = Release|Any CPU
		{872C9C81-4F5A-E2A4-8103-7B7F3862EACD}.Debug|Any CPU.ActiveCfg = Debug|Any CPU
		{872C9C81-4F5A-E2A4-8103-7B7F3862EACD}.Debug|Any CPU.Build.0 = Debug|Any CPU
		{872C9C81-4F5A-E2A4-8103-7B7F3862EACD}.Release|Any CPU.ActiveCfg = Release|Any CPU
		{872C9C81-4F5A-E2A4-8103-7B7F3862EACD}.Release|Any CPU.Build.0 = Release|Any CPU
		{47CE64F5-7CA8-E26C-49DA-69981CD230B3}.Debug|Any CPU.ActiveCfg = Debug|Any CPU
		{47CE64F5-7CA8-E26C-49DA-69981CD230B3}.Debug|Any CPU.Build.0 = Debug|Any CPU
		{47CE64F5-7CA8-E26C-49DA-69981CD230B3}.Release|Any CPU.ActiveCfg = Release|Any CPU
		{47CE64F5-7CA8-E26C-49DA-69981CD230B3}.Release|Any CPU.Build.0 = Release|Any CPU
		{6B0C0C6C-7498-8911-9DAC-A76D9CD81A86}.Debug|Any CPU.ActiveCfg = Debug|Any CPU
		{6B0C0C6C-7498-8911-9DAC-A76D9CD81A86}.Debug|Any CPU.Build.0 = Debug|Any CPU
		{6B0C0C6C-7498-8911-9DAC-A76D9CD81A86}.Release|Any CPU.ActiveCfg = Release|Any CPU
		{6B0C0C6C-7498-8911-9DAC-A76D9CD81A86}.Release|Any CPU.Build.0 = Release|Any CPU
	EndGlobalSection
	GlobalSection(SolutionProperties) = preSolution
		HideSolutionNode = FALSE
	EndGlobalSection
EndGlobal
